// !$*UTF8*$!
{
	archiveVersion = 1;
	classes = {
	};
	objectVersion = 50;
	objects = {

/* Begin PBXBuildFile section */
		4C2BC53A224C096E0019880E /* AppDelegate.swift in Sources */ = {isa = PBXBuildFile; fileRef = 4C2BC539224C096E0019880E /* AppDelegate.swift */; };
		4C2BC53C224C096E0019880E /* ViewController.swift in Sources */ = {isa = PBXBuildFile; fileRef = 4C2BC53B224C096E0019880E /* ViewController.swift */; };
		4C2BC53F224C096E0019880E /* Main.storyboard in Resources */ = {isa = PBXBuildFile; fileRef = 4C2BC53D224C096E0019880E /* Main.storyboard */; };
		4C2BC541224C096F0019880E /* Assets.xcassets in Resources */ = {isa = PBXBuildFile; fileRef = 4C2BC540224C096F0019880E /* Assets.xcassets */; };
		4C2BC544224C096F0019880E /* LaunchScreen.storyboard in Resources */ = {isa = PBXBuildFile; fileRef = 4C2BC542224C096F0019880E /* LaunchScreen.storyboard */; };
		4C2BC54F224C096F0019880E /* StockTwits_iOS_Take_HomeTests.swift in Sources */ = {isa = PBXBuildFile; fileRef = 4C2BC54E224C096F0019880E /* StockTwits_iOS_Take_HomeTests.swift */; };
		4C2BC55A224C09A30019880E /* MockAppService.swift in Sources */ = {isa = PBXBuildFile; fileRef = 4C2BC559224C09A30019880E /* MockAppService.swift */; };
		4C2BC55C224C0D970019880E /* GenericError.swift in Sources */ = {isa = PBXBuildFile; fileRef = 4C2BC55B224C0D970019880E /* GenericError.swift */; };
/* End PBXBuildFile section */

/* Begin PBXContainerItemProxy section */
		4C2BC54B224C096F0019880E /* PBXContainerItemProxy */ = {
			isa = PBXContainerItemProxy;
			containerPortal = 4C2BC52E224C096E0019880E /* Project object */;
			proxyType = 1;
			remoteGlobalIDString = 4C2BC535224C096E0019880E;
			remoteInfo = "StockTwits iOS Take Home";
		};
/* End PBXContainerItemProxy section */

/* Begin PBXFileReference section */
		4C2BC536224C096E0019880E /* StockTwits iOS Take Home.app */ = {isa = PBXFileReference; explicitFileType = wrapper.application; includeInIndex = 0; path = "StockTwits iOS Take Home.app"; sourceTree = BUILT_PRODUCTS_DIR; };
		4C2BC539224C096E0019880E /* AppDelegate.swift */ = {isa = PBXFileReference; lastKnownFileType = sourcecode.swift; path = AppDelegate.swift; sourceTree = "<group>"; };
		4C2BC53B224C096E0019880E /* ViewController.swift */ = {isa = PBXFileReference; lastKnownFileType = sourcecode.swift; path = ViewController.swift; sourceTree = "<group>"; };
		4C2BC53E224C096E0019880E /* Base */ = {isa = PBXFileReference; lastKnownFileType = file.storyboard; name = Base; path = Base.lproj/Main.storyboard; sourceTree = "<group>"; };
		4C2BC540224C096F0019880E /* Assets.xcassets */ = {isa = PBXFileReference; lastKnownFileType = folder.assetcatalog; path = Assets.xcassets; sourceTree = "<group>"; };
		4C2BC543224C096F0019880E /* Base */ = {isa = PBXFileReference; lastKnownFileType = file.storyboard; name = Base; path = Base.lproj/LaunchScreen.storyboard; sourceTree = "<group>"; };
		4C2BC545224C096F0019880E /* Info.plist */ = {isa = PBXFileReference; lastKnownFileType = text.plist.xml; path = Info.plist; sourceTree = "<group>"; };
		4C2BC54A224C096F0019880E /* StockTwits iOS Take HomeTests.xctest */ = {isa = PBXFileReference; explicitFileType = wrapper.cfbundle; includeInIndex = 0; path = "StockTwits iOS Take HomeTests.xctest"; sourceTree = BUILT_PRODUCTS_DIR; };
		4C2BC54E224C096F0019880E /* StockTwits_iOS_Take_HomeTests.swift */ = {isa = PBXFileReference; lastKnownFileType = sourcecode.swift; path = StockTwits_iOS_Take_HomeTests.swift; sourceTree = "<group>"; };
		4C2BC550224C096F0019880E /* Info.plist */ = {isa = PBXFileReference; lastKnownFileType = text.plist.xml; path = Info.plist; sourceTree = "<group>"; };
		4C2BC559224C09A30019880E /* MockAppService.swift */ = {isa = PBXFileReference; lastKnownFileType = sourcecode.swift; path = MockAppService.swift; sourceTree = "<group>"; };
		4C2BC55B224C0D970019880E /* GenericError.swift */ = {isa = PBXFileReference; lastKnownFileType = sourcecode.swift; path = GenericError.swift; sourceTree = "<group>"; };
/* End PBXFileReference section */

/* Begin PBXFrameworksBuildPhase section */
		4C2BC533224C096E0019880E /* Frameworks */ = {
			isa = PBXFrameworksBuildPhase;
			buildActionMask = 2147483647;
			files = (
			);
			runOnlyForDeploymentPostprocessing = 0;
		};
		4C2BC547224C096F0019880E /* Frameworks */ = {
			isa = PBXFrameworksBuildPhase;
			buildActionMask = 2147483647;
			files = (
			);
			runOnlyForDeploymentPostprocessing = 0;
		};
/* End PBXFrameworksBuildPhase section */

/* Begin PBXGroup section */
		4C2BC52D224C096E0019880E = {
			isa = PBXGroup;
			children = (
				4C2BC538224C096E0019880E /* StockTwits iOS Take Home */,
				4C2BC54D224C096F0019880E /* StockTwits iOS Take HomeTests */,
				4C2BC537224C096E0019880E /* Products */,
			);
			sourceTree = "<group>";
		};
		4C2BC537224C096E0019880E /* Products */ = {
			isa = PBXGroup;
			children = (
				4C2BC536224C096E0019880E /* StockTwits iOS Take Home.app */,
				4C2BC54A224C096F0019880E /* StockTwits iOS Take HomeTests.xctest */,
			);
			name = Products;
			sourceTree = "<group>";
		};
		4C2BC538224C096E0019880E /* StockTwits iOS Take Home */ = {
			isa = PBXGroup;
			children = (
				4C2BC55F224C0E630019880E /* Controllers */,
				4C2BC55E224C0E3A0019880E /* Private */,
				4C2BC55D224C0E340019880E /* Services */,
				4C2BC539224C096E0019880E /* AppDelegate.swift */,
				4C2BC53D224C096E0019880E /* Main.storyboard */,
				4C2BC540224C096F0019880E /* Assets.xcassets */,
				4C2BC542224C096F0019880E /* LaunchScreen.storyboard */,
				4C2BC545224C096F0019880E /* Info.plist */,
			);
			path = "StockTwits iOS Take Home";
			sourceTree = "<group>";
		};
		4C2BC54D224C096F0019880E /* StockTwits iOS Take HomeTests */ = {
			isa = PBXGroup;
			children = (
				4C2BC54E224C096F0019880E /* StockTwits_iOS_Take_HomeTests.swift */,
				4C2BC550224C096F0019880E /* Info.plist */,
			);
			path = "StockTwits iOS Take HomeTests";
			sourceTree = "<group>";
		};
		4C2BC55D224C0E340019880E /* Services */ = {
			isa = PBXGroup;
			children = (
				4C2BC559224C09A30019880E /* MockAppService.swift */,
			);
			path = Services;
			sourceTree = "<group>";
		};
		4C2BC55E224C0E3A0019880E /* Private */ = {
			isa = PBXGroup;
			children = (
				4C2BC55B224C0D970019880E /* GenericError.swift */,
			);
			path = Private;
			sourceTree = "<group>";
		};
		4C2BC55F224C0E630019880E /* Controllers */ = {
			isa = PBXGroup;
			children = (
				4C2BC53B224C096E0019880E /* ViewController.swift */,
			);
			path = Controllers;
			sourceTree = "<group>";
		};
/* End PBXGroup section */

/* Begin PBXNativeTarget section */
		4C2BC535224C096E0019880E /* StockTwits iOS Take Home */ = {
			isa = PBXNativeTarget;
			buildConfigurationList = 4C2BC553224C096F0019880E /* Build configuration list for PBXNativeTarget "StockTwits iOS Take Home" */;
			buildPhases = (
				4C2BC532224C096E0019880E /* Sources */,
				4C2BC533224C096E0019880E /* Frameworks */,
				4C2BC534224C096E0019880E /* Resources */,
			);
			buildRules = (
			);
			dependencies = (
			);
			name = "StockTwits iOS Take Home";
			productName = "StockTwits iOS Take Home";
			productReference = 4C2BC536224C096E0019880E /* StockTwits iOS Take Home.app */;
			productType = "com.apple.product-type.application";
		};
		4C2BC549224C096F0019880E /* StockTwits iOS Take HomeTests */ = {
			isa = PBXNativeTarget;
			buildConfigurationList = 4C2BC556224C096F0019880E /* Build configuration list for PBXNativeTarget "StockTwits iOS Take HomeTests" */;
			buildPhases = (
				4C2BC546224C096F0019880E /* Sources */,
				4C2BC547224C096F0019880E /* Frameworks */,
				4C2BC548224C096F0019880E /* Resources */,
			);
			buildRules = (
			);
			dependencies = (
				4C2BC54C224C096F0019880E /* PBXTargetDependency */,
			);
			name = "StockTwits iOS Take HomeTests";
			productName = "StockTwits iOS Take HomeTests";
			productReference = 4C2BC54A224C096F0019880E /* StockTwits iOS Take HomeTests.xctest */;
			productType = "com.apple.product-type.bundle.unit-test";
		};
/* End PBXNativeTarget section */

/* Begin PBXProject section */
		4C2BC52E224C096E0019880E /* Project object */ = {
			isa = PBXProject;
			attributes = {
				LastSwiftUpdateCheck = 1020;
				LastUpgradeCheck = 1020;
				ORGANIZATIONNAME = stocktwits;
				TargetAttributes = {
					4C2BC535224C096E0019880E = {
						CreatedOnToolsVersion = 10.2;
					};
					4C2BC549224C096F0019880E = {
						CreatedOnToolsVersion = 10.2;
						TestTargetID = 4C2BC535224C096E0019880E;
					};
				};
			};
			buildConfigurationList = 4C2BC531224C096E0019880E /* Build configuration list for PBXProject "StockTwits iOS Take Home" */;
			compatibilityVersion = "Xcode 9.3";
			developmentRegion = en;
			hasScannedForEncodings = 0;
			knownRegions = (
				en,
				Base,
			);
			mainGroup = 4C2BC52D224C096E0019880E;
			productRefGroup = 4C2BC537224C096E0019880E /* Products */;
			projectDirPath = "";
			projectRoot = "";
			targets = (
				4C2BC535224C096E0019880E /* StockTwits iOS Take Home */,
				4C2BC549224C096F0019880E /* StockTwits iOS Take HomeTests */,
			);
		};
/* End PBXProject section */

/* Begin PBXResourcesBuildPhase section */
		4C2BC534224C096E0019880E /* Resources */ = {
			isa = PBXResourcesBuildPhase;
			buildActionMask = 2147483647;
			files = (
				4C2BC544224C096F0019880E /* LaunchScreen.storyboard in Resources */,
				4C2BC541224C096F0019880E /* Assets.xcassets in Resources */,
				4C2BC53F224C096E0019880E /* Main.storyboard in Resources */,
			);
			runOnlyForDeploymentPostprocessing = 0;
		};
		4C2BC548224C096F0019880E /* Resources */ = {
			isa = PBXResourcesBuildPhase;
			buildActionMask = 2147483647;
			files = (
			);
			runOnlyForDeploymentPostprocessing = 0;
		};
/* End PBXResourcesBuildPhase section */

/* Begin PBXSourcesBuildPhase section */
		4C2BC532224C096E0019880E /* Sources */ = {
			isa = PBXSourcesBuildPhase;
			buildActionMask = 2147483647;
			files = (
				4C2BC55C224C0D970019880E /* GenericError.swift in Sources */,
				4C2BC53C224C096E0019880E /* ViewController.swift in Sources */,
				4C2BC55A224C09A30019880E /* MockAppService.swift in Sources */,
				4C2BC53A224C096E0019880E /* AppDelegate.swift in Sources */,
			);
			runOnlyForDeploymentPostprocessing = 0;
		};
		4C2BC546224C096F0019880E /* Sources */ = {
			isa = PBXSourcesBuildPhase;
			buildActionMask = 2147483647;
			files = (
				4C2BC54F224C096F0019880E /* StockTwits_iOS_Take_HomeTests.swift in Sources */,
			);
			runOnlyForDeploymentPostprocessing = 0;
		};
/* End PBXSourcesBuildPhase section */

/* Begin PBXTargetDependency section */
		4C2BC54C224C096F0019880E /* PBXTargetDependency */ = {
			isa = PBXTargetDependency;
			target = 4C2BC535224C096E0019880E /* StockTwits iOS Take Home */;
			targetProxy = 4C2BC54B224C096F0019880E /* PBXContainerItemProxy */;
		};
/* End PBXTargetDependency section */

/* Begin PBXVariantGroup section */
		4C2BC53D224C096E0019880E /* Main.storyboard */ = {
			isa = PBXVariantGroup;
			children = (
				4C2BC53E224C096E0019880E /* Base */,
			);
			name = Main.storyboard;
			sourceTree = "<group>";
		};
		4C2BC542224C096F0019880E /* LaunchScreen.storyboard */ = {
			isa = PBXVariantGroup;
			children = (
				4C2BC543224C096F0019880E /* Base */,
			);
			name = LaunchScreen.storyboard;
			sourceTree = "<group>";
		};
/* End PBXVariantGroup section */

/* Begin XCBuildConfiguration section */
		4C2BC551224C096F0019880E /* Debug */ = {
			isa = XCBuildConfiguration;
			buildSettings = {
				ALWAYS_SEARCH_USER_PATHS = NO;
				CLANG_ANALYZER_NONNULL = YES;
				CLANG_ANALYZER_NUMBER_OBJECT_CONVERSION = YES_AGGRESSIVE;
				CLANG_CXX_LANGUAGE_STANDARD = "gnu++14";
				CLANG_CXX_LIBRARY = "libc++";
				CLANG_ENABLE_MODULES = YES;
				CLANG_ENABLE_OBJC_ARC = YES;
				CLANG_ENABLE_OBJC_WEAK = YES;
				CLANG_WARN_BLOCK_CAPTURE_AUTORELEASING = YES;
				CLANG_WARN_BOOL_CONVERSION = YES;
				CLANG_WARN_COMMA = YES;
				CLANG_WARN_CONSTANT_CONVERSION = YES;
				CLANG_WARN_DEPRECATED_OBJC_IMPLEMENTATIONS = YES;
				CLANG_WARN_DIRECT_OBJC_ISA_USAGE = YES_ERROR;
				CLANG_WARN_DOCUMENTATION_COMMENTS = YES;
				CLANG_WARN_EMPTY_BODY = YES;
				CLANG_WARN_ENUM_CONVERSION = YES;
				CLANG_WARN_INFINITE_RECURSION = YES;
				CLANG_WARN_INT_CONVERSION = YES;
				CLANG_WARN_NON_LITERAL_NULL_CONVERSION = YES;
				CLANG_WARN_OBJC_IMPLICIT_RETAIN_SELF = YES;
				CLANG_WARN_OBJC_LITERAL_CONVERSION = YES;
				CLANG_WARN_OBJC_ROOT_CLASS = YES_ERROR;
				CLANG_WARN_RANGE_LOOP_ANALYSIS = YES;
				CLANG_WARN_STRICT_PROTOTYPES = YES;
				CLANG_WARN_SUSPICIOUS_MOVE = YES;
				CLANG_WARN_UNGUARDED_AVAILABILITY = YES_AGGRESSIVE;
				CLANG_WARN_UNREACHABLE_CODE = YES;
				CLANG_WARN__DUPLICATE_METHOD_MATCH = YES;
				CODE_SIGN_IDENTITY = "iPhone Developer";
				COPY_PHASE_STRIP = NO;
				DEBUG_INFORMATION_FORMAT = dwarf;
				ENABLE_STRICT_OBJC_MSGSEND = YES;
				ENABLE_TESTABILITY = YES;
				GCC_C_LANGUAGE_STANDARD = gnu11;
				GCC_DYNAMIC_NO_PIC = NO;
				GCC_NO_COMMON_BLOCKS = YES;
				GCC_OPTIMIZATION_LEVEL = 0;
				GCC_PREPROCESSOR_DEFINITIONS = (
					"DEBUG=1",
					"$(inherited)",
				);
				GCC_WARN_64_TO_32_BIT_CONVERSION = YES;
				GCC_WARN_ABOUT_RETURN_TYPE = YES_ERROR;
				GCC_WARN_UNDECLARED_SELECTOR = YES;
				GCC_WARN_UNINITIALIZED_AUTOS = YES_AGGRESSIVE;
				GCC_WARN_UNUSED_FUNCTION = YES;
				GCC_WARN_UNUSED_VARIABLE = YES;
				IPHONEOS_DEPLOYMENT_TARGET = 12.2;
				MTL_ENABLE_DEBUG_INFO = INCLUDE_SOURCE;
				MTL_FAST_MATH = YES;
				ONLY_ACTIVE_ARCH = YES;
				SDKROOT = iphoneos;
				SWIFT_ACTIVE_COMPILATION_CONDITIONS = DEBUG;
				SWIFT_OPTIMIZATION_LEVEL = "-Onone";
			};
			name = Debug;
		};
		4C2BC552224C096F0019880E /* Release */ = {
			isa = XCBuildConfiguration;
			buildSettings = {
				ALWAYS_SEARCH_USER_PATHS = NO;
				CLANG_ANALYZER_NONNULL = YES;
				CLANG_ANALYZER_NUMBER_OBJECT_CONVERSION = YES_AGGRESSIVE;
				CLANG_CXX_LANGUAGE_STANDARD = "gnu++14";
				CLANG_CXX_LIBRARY = "libc++";
				CLANG_ENABLE_MODULES = YES;
				CLANG_ENABLE_OBJC_ARC = YES;
				CLANG_ENABLE_OBJC_WEAK = YES;
				CLANG_WARN_BLOCK_CAPTURE_AUTORELEASING = YES;
				CLANG_WARN_BOOL_CONVERSION = YES;
				CLANG_WARN_COMMA = YES;
				CLANG_WARN_CONSTANT_CONVERSION = YES;
				CLANG_WARN_DEPRECATED_OBJC_IMPLEMENTATIONS = YES;
				CLANG_WARN_DIRECT_OBJC_ISA_USAGE = YES_ERROR;
				CLANG_WARN_DOCUMENTATION_COMMENTS = YES;
				CLANG_WARN_EMPTY_BODY = YES;
				CLANG_WARN_ENUM_CONVERSION = YES;
				CLANG_WARN_INFINITE_RECURSION = YES;
				CLANG_WARN_INT_CONVERSION = YES;
				CLANG_WARN_NON_LITERAL_NULL_CONVERSION = YES;
				CLANG_WARN_OBJC_IMPLICIT_RETAIN_SELF = YES;
				CLANG_WARN_OBJC_LITERAL_CONVERSION = YES;
				CLANG_WARN_OBJC_ROOT_CLASS = YES_ERROR;
				CLANG_WARN_RANGE_LOOP_ANALYSIS = YES;
				CLANG_WARN_STRICT_PROTOTYPES = YES;
				CLANG_WARN_SUSPICIOUS_MOVE = YES;
				CLANG_WARN_UNGUARDED_AVAILABILITY = YES_AGGRESSIVE;
				CLANG_WARN_UNREACHABLE_CODE = YES;
				CLANG_WARN__DUPLICATE_METHOD_MATCH = YES;
				CODE_SIGN_IDENTITY = "iPhone Developer";
				COPY_PHASE_STRIP = NO;
				DEBUG_INFORMATION_FORMAT = "dwarf-with-dsym";
				ENABLE_NS_ASSERTIONS = NO;
				ENABLE_STRICT_OBJC_MSGSEND = YES;
				GCC_C_LANGUAGE_STANDARD = gnu11;
				GCC_NO_COMMON_BLOCKS = YES;
				GCC_WARN_64_TO_32_BIT_CONVERSION = YES;
				GCC_WARN_ABOUT_RETURN_TYPE = YES_ERROR;
				GCC_WARN_UNDECLARED_SELECTOR = YES;
				GCC_WARN_UNINITIALIZED_AUTOS = YES_AGGRESSIVE;
				GCC_WARN_UNUSED_FUNCTION = YES;
				GCC_WARN_UNUSED_VARIABLE = YES;
				IPHONEOS_DEPLOYMENT_TARGET = 12.2;
				MTL_ENABLE_DEBUG_INFO = NO;
				MTL_FAST_MATH = YES;
				SDKROOT = iphoneos;
				SWIFT_COMPILATION_MODE = wholemodule;
				SWIFT_OPTIMIZATION_LEVEL = "-O";
				VALIDATE_PRODUCT = YES;
			};
			name = Release;
		};
		4C2BC554224C096F0019880E /* Debug */ = {
			isa = XCBuildConfiguration;
			buildSettings = {
				ASSETCATALOG_COMPILER_APPICON_NAME = AppIcon;
				CODE_SIGN_STYLE = Automatic;
				DEVELOPMENT_TEAM = 9L3P67AQ22;
				INFOPLIST_FILE = "StockTwits iOS Take Home/Info.plist";
				LD_RUNPATH_SEARCH_PATHS = (
					"$(inherited)",
					"@executable_path/Frameworks",
				);
				PRODUCT_BUNDLE_IDENTIFIER = "com.stocktwits.StockTwits-iOS-Take-Home";
				PRODUCT_NAME = "$(TARGET_NAME)";
				SWIFT_VERSION = 5.0;
				TARGETED_DEVICE_FAMILY = "1,2";
			};
			name = Debug;
		};
		4C2BC555224C096F0019880E /* Release */ = {
			isa = XCBuildConfiguration;
			buildSettings = {
				ASSETCATALOG_COMPILER_APPICON_NAME = AppIcon;
				CODE_SIGN_STYLE = Automatic;
				DEVELOPMENT_TEAM = 9L3P67AQ22;
				INFOPLIST_FILE = "StockTwits iOS Take Home/Info.plist";
				LD_RUNPATH_SEARCH_PATHS = (
					"$(inherited)",
					"@executable_path/Frameworks",
				);
				PRODUCT_BUNDLE_IDENTIFIER = "com.stocktwits.StockTwits-iOS-Take-Home";
				PRODUCT_NAME = "$(TARGET_NAME)";
				SWIFT_VERSION = 5.0;
				TARGETED_DEVICE_FAMILY = "1,2";
			};
			name = Release;
		};
		4C2BC557224C096F0019880E /* Debug */ = {
			isa = XCBuildConfiguration;
			buildSettings = {
				ALWAYS_EMBED_SWIFT_STANDARD_LIBRARIES = YES;
				BUNDLE_LOADER = "$(TEST_HOST)";
				CODE_SIGN_STYLE = Automatic;
				DEVELOPMENT_TEAM = 9L3P67AQ22;
				INFOPLIST_FILE = "StockTwits iOS Take HomeTests/Info.plist";
				LD_RUNPATH_SEARCH_PATHS = (
					"$(inherited)",
					"@executable_path/Frameworks",
					"@loader_path/Frameworks",
				);
				PRODUCT_BUNDLE_IDENTIFIER = "com.stocktwits.StockTwits-iOS-Take-HomeTests";
				PRODUCT_NAME = "$(TARGET_NAME)";
				SWIFT_VERSION = 5.0;
				TARGETED_DEVICE_FAMILY = "1,2";
				TEST_HOST = "$(BUILT_PRODUCTS_DIR)/StockTwits iOS Take Home.app/StockTwits iOS Take Home";
			};
			name = Debug;
		};
		4C2BC558224C096F0019880E /* Release */ = {
			isa = XCBuildConfiguration;
			buildSettings = {
				ALWAYS_EMBED_SWIFT_STANDARD_LIBRARIES = YES;
				BUNDLE_LOADER = "$(TEST_HOST)";
				CODE_SIGN_STYLE = Automatic;
				DEVELOPMENT_TEAM = 9L3P67AQ22;
				INFOPLIST_FILE = "StockTwits iOS Take HomeTests/Info.plist";
				LD_RUNPATH_SEARCH_PATHS = (
					"$(inherited)",
					"@executable_path/Frameworks",
					"@loader_path/Frameworks",
				);
				PRODUCT_BUNDLE_IDENTIFIER = "com.stocktwits.StockTwits-iOS-Take-HomeTests";
				PRODUCT_NAME = "$(TARGET_NAME)";
				SWIFT_VERSION = 5.0;
				TARGETED_DEVICE_FAMILY = "1,2";
				TEST_HOST = "$(BUILT_PRODUCTS_DIR)/StockTwits iOS Take Home.app/StockTwits iOS Take Home";
			};
			name = Release;
		};
/* End XCBuildConfiguration section */

/* Begin XCConfigurationList section */
		4C2BC531224C096E0019880E /* Build configuration list for PBXProject "StockTwits iOS Take Home" */ = {
			isa = XCConfigurationList;
			buildConfigurations = (
				4C2BC551224C096F0019880E /* Debug */,
				4C2BC552224C096F0019880E /* Release */,
			);
			defaultConfigurationIsVisible = 0;
			defaultConfigurationName = Release;
		};
		4C2BC553224C096F0019880E /* Build configuration list for PBXNativeTarget "StockTwits iOS Take Home" */ = {
			isa = XCConfigurationList;
			buildConfigurations = (
				4C2BC554224C096F0019880E /* Debug */,
				4C2BC555224C096F0019880E /* Release */,
			);
			defaultConfigurationIsVisible = 0;
			defaultConfigurationName = Release;
		};
		4C2BC556224C096F0019880E /* Build configuration list for PBXNativeTarget "StockTwits iOS Take HomeTests" */ = {
			isa = XCConfigurationList;
			buildConfigurations = (
				4C2BC557224C096F0019880E /* Debug */,
				4C2BC558224C096F0019880E /* Release */,
			);
			defaultConfigurationIsVisible = 0;
			defaultConfigurationName = Release;
		};
/* End XCConfigurationList section */
	};
	rootObject = 4C2BC52E224C096E0019880E /* Project object */;
}
